
Microsoft Visual Studio Solution File, Format Version 12.00
# Visual Studio Version 16
VisualStudioVersion = 16.0.30204.135
MinimumVisualStudioVersion = 10.0.40219.1
Project("{FAE04EC0-301F-11D3-BF4B-00C04F79EFBC}") = "Api", "Api\Api.csproj", "{3489DFDB-774A-483B-B849-E63F4E2C9A34}"
EndProject
Project("{FAE04EC0-301F-11D3-BF4B-00C04F79EFBC}") = "Domain", "Domain\Domain.csproj", "{3F008DB5-3CE0-4995-8A18-791E681D9D56}"
EndProject
Project("{FAE04EC0-301F-11D3-BF4B-00C04F79EFBC}") = "Data", "Data\Data.csproj", "{C9B5EB89-76A6-467A-9A6D-60A32E2B9F46}"
EndProject
Project("{FAE04EC0-301F-11D3-BF4B-00C04F79EFBC}") = "Test", "Test\Test.csproj", "{4C0F8B9C-D7C9-4413-ADFD-26ECC9F0A92F}"
EndProject
Global
	GlobalSection(SolutionConfigurationPlatforms) = preSolution
		Debug|Any CPU = Debug|Any CPU
		Release|Any CPU = Release|Any CPU
	EndGlobalSection
	GlobalSection(ProjectConfigurationPlatforms) = postSolution
		{3489DFDB-774A-483B-B849-E63F4E2C9A34}.Debug|Any CPU.ActiveCfg = Debug|Any CPU
		{3489DFDB-774A-483B-B849-E63F4E2C9A34}.Debug|Any CPU.Build.0 = Debug|Any CPU
		{3489DFDB-774A-483B-B849-E63F4E2C9A34}.Release|Any CPU.ActiveCfg = Release|Any CPU
		{3489DFDB-774A-483B-B849-E63F4E2C9A34}.Release|Any CPU.Build.0 = Release|Any CPU
		{3F008DB5-3CE0-4995-8A18-791E681D9D56}.Debug|Any CPU.ActiveCfg = Debug|Any CPU
		{3F008DB5-3CE0-4995-8A18-791E681D9D56}.Debug|Any CPU.Build.0 = Debug|Any CPU
		{3F008DB5-3CE0-4995-8A18-791E681D9D56}.Release|Any CPU.ActiveCfg = Release|Any CPU
		{3F008DB5-3CE0-4995-8A18-791E681D9D56}.Release|Any CPU.Build.0 = Release|Any CPU
		{C9B5EB89-76A6-467A-9A6D-60A32E2B9F46}.Debug|Any CPU.ActiveCfg = Debug|Any CPU
		{C9B5EB89-76A6-467A-9A6D-60A32E2B9F46}.Debug|Any CPU.Build.0 = Debug|Any CPU
		{C9B5EB89-76A6-467A-9A6D-60A32E2B9F46}.Release|Any CPU.ActiveCfg = Release|Any CPU
		{C9B5EB89-76A6-467A-9A6D-60A32E2B9F46}.Release|Any CPU.Build.0 = Release|Any CPU
		{4C0F8B9C-D7C9-4413-ADFD-26ECC9F0A92F}.Debug|Any CPU.ActiveCfg = Debug|Any CPU
		{4C0F8B9C-D7C9-4413-ADFD-26ECC9F0A92F}.Debug|Any CPU.Build.0 = Debug|Any CPU
		{4C0F8B9C-D7C9-4413-ADFD-26ECC9F0A92F}.Release|Any CPU.ActiveCfg = Release|Any CPU
		{4C0F8B9C-D7C9-4413-ADFD-26ECC9F0A92F}.Release|Any CPU.Build.0 = Release|Any CPU
	EndGlobalSection
	GlobalSection(SolutionProperties) = preSolution
		HideSolutionNode = FALSE
	EndGlobalSection
	GlobalSection(ExtensibilityGlobals) = postSolution
		SolutionGuid = {05550A24-C6E7-4D88-8619-76310438F384}
	EndGlobalSection
EndGlobal
